
Microsoft Visual Studio Solution File, Format Version 12.00
# Visual Studio Version 17
VisualStudioVersion = 17.14.37411.7 d17.14
MinimumVisualStudioVersion = 10.0.40219.1
Project("{FAE04EC0-301F-11D3-BF4B-00C04F79EFBC}") = "CacheImageService", "CacheImageService\CacheImageService.csproj", "{DD824F39-E6E0-41B6-87A6-8986BBDFEC8C}"
EndProject
Global
	GlobalSection(SolutionConfigurationPlatforms) = preSolution
		Debug|Any CPU = Debug|Any CPU
		Release|Any CPU = Release|Any CPU
	EndGlobalSection
	GlobalSection(ProjectConfigurationPlatforms) = postSolution
		{DD824F39-E6E0-41B6-87A6-8986BBDFEC8C}.Debug|Any CPU.ActiveCfg = Debug|Any CPU
		{DD824F39-E6E0-41B6-87A6-8986BBDFEC8C}.Debug|Any CPU.Build.0 = Debug|Any CPU
		{DD824F39-E6E0-41B6-87A6-8986BBDFEC8C}.Release|Any CPU.ActiveCfg = Release|Any CPU
		{DD824F39-E6E0-41B6-87A6-8986BBDFEC8C}.Release|Any CPU.Build.0 = Release|Any CPU
	EndGlobalSection
	GlobalSection(SolutionProperties) = preSolution
		HideSolutionNode = FALSE
	EndGlobalSection
	GlobalSection(ExtensibilityGlobals) = postSolution
		SolutionGuid = {F70F8117-6E49-4F52-BE5B-32D8131A62CD}
	EndGlobalSection
EndGlobal
